{
  "name": "about.hoseung.me-edge",
  "lockfileVersion": 2,
  "requires": true,
  "packages": {
    "": {
      "name": "about.hoseung.me-edge",
      "license": "MIT",
      "devDependencies": {
        "@types/aws-cloudfront-function": "^1.0.4",
        "typescript": "^5.2.2"
      }
    },
    "node_modules/@types/aws-cloudfront-function": {
      "version": "1.0.4",
      "resolved": "https://registry.npmjs.org/@types/aws-cloudfront-function/-/aws-cloudfront-function-1.0.4.tgz",
      "integrity": "sha512-djiKM7y3jReOxdS1bEmxrVnVRF1jrRggZCqD0duDSJTyA7b1VXkQ5d/T379ONLczFb4RSxFB4LV0wTCfq5kB5w==",
      "dev": true
    },
    "node_modules/typescript": {
      "version": "5.2.2",
      "resolved": "https://registry.npmjs.org/typescript/-/typescript-5.2.2.tgz",
      "integrity": "sha512-mI4WrpHsbCIcwT9cF4FZvr80QUeKvsUsUvKDoR+X/7XHQH98xYD8YHZg7ANtz2GtZt/CBq2QJ0thkGJMHfqc1w==",
      "dev": true,
      "bin": {
        "tsc": "bin/tsc",
        "tsserver": "bin/tsserver"
      },
      "engines": {
        "node": ">=14.17"
      }
    }
  },
  "dependencies": {
    "@types/aws-cloudfront-function": {
      "version": "1.0.4",
      "resolved": "https://registry.npmjs.org/@types/aws-cloudfront-function/-/aws-cloudfront-function-1.0.4.tgz",
      "integrity": "sha512-djiKM7y3jReOxdS1bEmxrVnVRF1jrRggZCqD0duDSJTyA7b1VXkQ5d/T379ONLczFb4RSxFB4LV0wTCfq5kB5w==",
      "dev": true
    },
    "typescript": {
      "version": "5.2.2",
      "resolved": "https://registry.npmjs.org/typescript/-/typescript-5.2.2.tgz",
      "integrity": "sha512-mI4WrpHsbCIcwT9cF4FZvr80QUeKvsUsUvKDoR+X/7XHQH98xYD8YHZg7ANtz2GtZt/CBq2QJ0thkGJMHfqc1w==",
      "dev": true
    }
  }
}
